
Microsoft Visual Studio Solution File, Format Version 12.00
# Visual Studio Version 16
VisualStudioVersion = 16.0.31205.134
MinimumVisualStudioVersion = 10.0.40219.1
Project("{FAE04EC0-301F-11D3-BF4B-00C04F79EFBC}") = "MSIT141API", "MSIT141API.csproj", "{F256A2C4-D7A0-4655-AF3E-A2D8377749ED}"
EndProject
Global
	GlobalSection(SolutionConfigurationPlatforms) = preSolution
		Debug|Any CPU = Debug|Any CPU
		Release|Any CPU = Release|Any CPU
	EndGlobalSection
	GlobalSection(ProjectConfigurationPlatforms) = postSolution
		{F256A2C4-D7A0-4655-AF3E-A2D8377749ED}.Debug|Any CPU.ActiveCfg = Debug|Any CPU
		{F256A2C4-D7A0-4655-AF3E-A2D8377749ED}.Debug|Any CPU.Build.0 = Debug|Any CPU
		{F256A2C4-D7A0-4655-AF3E-A2D8377749ED}.Release|Any CPU.ActiveCfg = Release|Any CPU
		{F256A2C4-D7A0-4655-AF3E-A2D8377749ED}.Release|Any CPU.Build.0 = Release|Any CPU
	EndGlobalSection
	GlobalSection(SolutionProperties) = preSolution
		HideSolutionNode = FALSE
	EndGlobalSection
	GlobalSection(ExtensibilityGlobals) = postSolution
		SolutionGuid = {3E0DD699-06D6-463F-A858-5D682698BE14}
	EndGlobalSection
EndGlobal
